// !$*UTF8*$!
{
	archiveVersion = 1;
	classes = {
	};
	objectVersion = 56;
	objects = {

/* Begin PBXBuildFile section */
		668B77352A0A895500EFEF44 /* LoginViewController.swift in Sources */ = {isa = PBXBuildFile; fileRef = 668B77342A0A895500EFEF44 /* LoginViewController.swift */; };
		668B77372A0A896400EFEF44 /* WalletViewController.swift in Sources */ = {isa = PBXBuildFile; fileRef = 668B77362A0A896400EFEF44 /* WalletViewController.swift */; };
		668B77392A0A89B400EFEF44 /* PurchaseViewController.swift in Sources */ = {isa = PBXBuildFile; fileRef = 668B77382A0A89B400EFEF44 /* PurchaseViewController.swift */; };
		668E685F2A0812B70011A119 /* AppDelegate.swift in Sources */ = {isa = PBXBuildFile; fileRef = 668E685E2A0812B70011A119 /* AppDelegate.swift */; };
		668E68612A0812B70011A119 /* SceneDelegate.swift in Sources */ = {isa = PBXBuildFile; fileRef = 668E68602A0812B70011A119 /* SceneDelegate.swift */; };
		668E68632A0812B70011A119 /* MainViewController.swift in Sources */ = {isa = PBXBuildFile; fileRef = 668E68622A0812B70011A119 /* MainViewController.swift */; };
		668E68662A0812B70011A119 /* Main.storyboard in Resources */ = {isa = PBXBuildFile; fileRef = 668E68642A0812B70011A119 /* Main.storyboard */; };
		668E68682A0812B90011A119 /* Assets.xcassets in Resources */ = {isa = PBXBuildFile; fileRef = 668E68672A0812B90011A119 /* Assets.xcassets */; };
		668E686B2A0812B90011A119 /* LaunchScreen.storyboard in Resources */ = {isa = PBXBuildFile; fileRef = 668E68692A0812B90011A119 /* LaunchScreen.storyboard */; };
		668E68762A0813370011A119 /* MaviaLand.swift in Sources */ = {isa = PBXBuildFile; fileRef = 668E68752A0813370011A119 /* MaviaLand.swift */; };
		66BB5DF82A0AA4740081AAB0 /* NFTCell.swift in Sources */ = {isa = PBXBuildFile; fileRef = 66BB5DF72A0AA4740081AAB0 /* NFTCell.swift */; };
		66BB5DFE2A0AA57D0081AAB0 /* NetworkManager.swift in Sources */ = {isa = PBXBuildFile; fileRef = 66BB5DFD2A0AA57D0081AAB0 /* NetworkManager.swift */; };
		66BB5E022A0AA80A0081AAB0 /* CollectionViewController.swift in Sources */ = {isa = PBXBuildFile; fileRef = 66BB5E012A0AA80A0081AAB0 /* CollectionViewController.swift */; };
/* End PBXBuildFile section */

/* Begin PBXFileReference section */
		668B77342A0A895500EFEF44 /* LoginViewController.swift */ = {isa = PBXFileReference; lastKnownFileType = sourcecode.swift; path = LoginViewController.swift; sourceTree = "<group>"; };
		668B77362A0A896400EFEF44 /* WalletViewController.swift */ = {isa = PBXFileReference; lastKnownFileType = sourcecode.swift; path = WalletViewController.swift; sourceTree = "<group>"; };
		668B77382A0A89B400EFEF44 /* PurchaseViewController.swift */ = {isa = PBXFileReference; lastKnownFileType = sourcecode.swift; path = PurchaseViewController.swift; sourceTree = "<group>"; };
		668E685B2A0812B70011A119 /* MaviaLand.app */ = {isa = PBXFileReference; explicitFileType = wrapper.application; includeInIndex = 0; path = MaviaLand.app; sourceTree = BUILT_PRODUCTS_DIR; };
		668E685E2A0812B70011A119 /* AppDelegate.swift */ = {isa = PBXFileReference; lastKnownFileType = sourcecode.swift; path = AppDelegate.swift; sourceTree = "<group>"; };
		668E68602A0812B70011A119 /* SceneDelegate.swift */ = {isa = PBXFileReference; lastKnownFileType = sourcecode.swift; path = SceneDelegate.swift; sourceTree = "<group>"; };
		668E68622A0812B70011A119 /* MainViewController.swift */ = {isa = PBXFileReference; lastKnownFileType = sourcecode.swift; path = MainViewController.swift; sourceTree = "<group>"; };
		668E68652A0812B70011A119 /* Base */ = {isa = PBXFileReference; lastKnownFileType = file.storyboard; name = Base; path = Base.lproj/Main.storyboard; sourceTree = "<group>"; };
		668E68672A0812B90011A119 /* Assets.xcassets */ = {isa = PBXFileReference; lastKnownFileType = folder.assetcatalog; path = Assets.xcassets; sourceTree = "<group>"; };
		668E686A2A0812B90011A119 /* Base */ = {isa = PBXFileReference; lastKnownFileType = file.storyboard; name = Base; path = Base.lproj/LaunchScreen.storyboard; sourceTree = "<group>"; };
		668E686C2A0812B90011A119 /* Info.plist */ = {isa = PBXFileReference; lastKnownFileType = text.plist.xml; path = Info.plist; sourceTree = "<group>"; };
		668E68752A0813370011A119 /* MaviaLand.swift */ = {isa = PBXFileReference; lastKnownFileType = sourcecode.swift; path = MaviaLand.swift; sourceTree = "<group>"; };
		66BB5DF72A0AA4740081AAB0 /* NFTCell.swift */ = {isa = PBXFileReference; lastKnownFileType = sourcecode.swift; path = NFTCell.swift; sourceTree = "<group>"; };
		66BB5DFD2A0AA57D0081AAB0 /* NetworkManager.swift */ = {isa = PBXFileReference; lastKnownFileType = sourcecode.swift; path = NetworkManager.swift; sourceTree = "<group>"; };
		66BB5E012A0AA80A0081AAB0 /* CollectionViewController.swift */ = {isa = PBXFileReference; lastKnownFileType = sourcecode.swift; path = CollectionViewController.swift; sourceTree = "<group>"; };
/* End PBXFileReference section */

/* Begin PBXFrameworksBuildPhase section */
		668E68582A0812B70011A119 /* Frameworks */ = {
			isa = PBXFrameworksBuildPhase;
			buildActionMask = 2147483647;
			files = (
			);
			runOnlyForDeploymentPostprocessing = 0;
		};
/* End PBXFrameworksBuildPhase section */

/* Begin PBXGroup section */
		668E68522A0812B70011A119 = {
			isa = PBXGroup;
			children = (
				668E685D2A0812B70011A119 /* MaviaLand */,
				668E685C2A0812B70011A119 /* Products */,
			);
			sourceTree = "<group>";
		};
		668E685C2A0812B70011A119 /* Products */ = {
			isa = PBXGroup;
			children = (
				668E685B2A0812B70011A119 /* MaviaLand.app */,
			);
			name = Products;
			sourceTree = "<group>";
		};
		668E685D2A0812B70011A119 /* MaviaLand */ = {
			isa = PBXGroup;
			children = (
				668E68722A0812CF0011A119 /* App */,
				668E68732A0812FD0011A119 /* ViewControllers */,
				66BB5DF92A0AA4780081AAB0 /* Views */,
				66BB5DFF2A0AA5810081AAB0 /* Services */,
				668E68772A08133A0011A119 /* Models */,
				668E68742A08130C0011A119 /* Storyboards */,
				66BB5E002A0AA59B0081AAB0 /* Resources */,
			);
			path = MaviaLand;
			sourceTree = "<group>";
		};
		668E68722A0812CF0011A119 /* App */ = {
			isa = PBXGroup;
			children = (
				668E685E2A0812B70011A119 /* AppDelegate.swift */,
				668E68602A0812B70011A119 /* SceneDelegate.swift */,
				668E686C2A0812B90011A119 /* Info.plist */,
			);
			path = App;
			sourceTree = "<group>";
		};
		668E68732A0812FD0011A119 /* ViewControllers */ = {
			isa = PBXGroup;
			children = (
				668E68622A0812B70011A119 /* MainViewController.swift */,
				66BB5E012A0AA80A0081AAB0 /* CollectionViewController.swift */,
				668B77342A0A895500EFEF44 /* LoginViewController.swift */,
				668B77362A0A896400EFEF44 /* WalletViewController.swift */,
				668B77382A0A89B400EFEF44 /* PurchaseViewController.swift */,
			);
			path = ViewControllers;
			sourceTree = "<group>";
		};
		668E68742A08130C0011A119 /* Storyboards */ = {
			isa = PBXGroup;
			children = (
				668E68642A0812B70011A119 /* Main.storyboard */,
				668E68692A0812B90011A119 /* LaunchScreen.storyboard */,
			);
			path = Storyboards;
			sourceTree = "<group>";
		};
		668E68772A08133A0011A119 /* Models */ = {
			isa = PBXGroup;
			children = (
				668E68752A0813370011A119 /* MaviaLand.swift */,
			);
			path = Models;
			sourceTree = "<group>";
		};
		66BB5DF92A0AA4780081AAB0 /* Views */ = {
			isa = PBXGroup;
			children = (
				66BB5DF72A0AA4740081AAB0 /* NFTCell.swift */,
			);
			path = Views;
			sourceTree = "<group>";
		};
		66BB5DFF2A0AA5810081AAB0 /* Services */ = {
			isa = PBXGroup;
			children = (
				66BB5DFD2A0AA57D0081AAB0 /* NetworkManager.swift */,
			);
			path = Services;
			sourceTree = "<group>";
		};
		66BB5E002A0AA59B0081AAB0 /* Resources */ = {
			isa = PBXGroup;
			children = (
				668E68672A0812B90011A119 /* Assets.xcassets */,
			);
			path = Resources;
			sourceTree = "<group>";
		};
/* End PBXGroup section */

/* Begin PBXNativeTarget section */
		668E685A2A0812B70011A119 /* MaviaLand */ = {
			isa = PBXNativeTarget;
			buildConfigurationList = 668E686F2A0812B90011A119 /* Build configuration list for PBXNativeTarget "MaviaLand" */;
			buildPhases = (
				668E68572A0812B70011A119 /* Sources */,
				668E68582A0812B70011A119 /* Frameworks */,
				668E68592A0812B70011A119 /* Resources */,
			);
			buildRules = (
			);
			dependencies = (
			);
			name = MaviaLand;
			productName = MaviaLand;
			productReference = 668E685B2A0812B70011A119 /* MaviaLand.app */;
			productType = "com.apple.product-type.application";
		};
/* End PBXNativeTarget section */

/* Begin PBXProject section */
		668E68532A0812B70011A119 /* Project object */ = {
			isa = PBXProject;
			attributes = {
				BuildIndependentTargetsInParallel = 1;
				LastSwiftUpdateCheck = 1430;
				LastUpgradeCheck = 1430;
				TargetAttributes = {
					668E685A2A0812B70011A119 = {
						CreatedOnToolsVersion = 14.3;
					};
				};
			};
			buildConfigurationList = 668E68562A0812B70011A119 /* Build configuration list for PBXProject "MaviaLand" */;
			compatibilityVersion = "Xcode 14.0";
			developmentRegion = en;
			hasScannedForEncodings = 0;
			knownRegions = (
				en,
				Base,
			);
			mainGroup = 668E68522A0812B70011A119;
			productRefGroup = 668E685C2A0812B70011A119 /* Products */;
			projectDirPath = "";
			projectRoot = "";
			targets = (
				668E685A2A0812B70011A119 /* MaviaLand */,
			);
		};
/* End PBXProject section */

/* Begin PBXResourcesBuildPhase section */
		668E68592A0812B70011A119 /* Resources */ = {
			isa = PBXResourcesBuildPhase;
			buildActionMask = 2147483647;
			files = (
				668E686B2A0812B90011A119 /* LaunchScreen.storyboard in Resources */,
				668E68682A0812B90011A119 /* Assets.xcassets in Resources */,
				668E68662A0812B70011A119 /* Main.storyboard in Resources */,
			);
			runOnlyForDeploymentPostprocessing = 0;
		};
/* End PBXResourcesBuildPhase section */

/* Begin PBXSourcesBuildPhase section */
		668E68572A0812B70011A119 /* Sources */ = {
			isa = PBXSourcesBuildPhase;
			buildActionMask = 2147483647;
			files = (
				66BB5DFE2A0AA57D0081AAB0 /* NetworkManager.swift in Sources */,
				66BB5DF82A0AA4740081AAB0 /* NFTCell.swift in Sources */,
				668E68632A0812B70011A119 /* MainViewController.swift in Sources */,
				668E685F2A0812B70011A119 /* AppDelegate.swift in Sources */,
				66BB5E022A0AA80A0081AAB0 /* CollectionViewController.swift in Sources */,
				668E68612A0812B70011A119 /* SceneDelegate.swift in Sources */,
				668B77392A0A89B400EFEF44 /* PurchaseViewController.swift in Sources */,
				668B77352A0A895500EFEF44 /* LoginViewController.swift in Sources */,
				668E68762A0813370011A119 /* MaviaLand.swift in Sources */,
				668B77372A0A896400EFEF44 /* WalletViewController.swift in Sources */,
			);
			runOnlyForDeploymentPostprocessing = 0;
		};
/* End PBXSourcesBuildPhase section */

/* Begin PBXVariantGroup section */
		668E68642A0812B70011A119 /* Main.storyboard */ = {
			isa = PBXVariantGroup;
			children = (
				668E68652A0812B70011A119 /* Base */,
			);
			name = Main.storyboard;
			sourceTree = "<group>";
		};
		668E68692A0812B90011A119 /* LaunchScreen.storyboard */ = {
			isa = PBXVariantGroup;
			children = (
				668E686A2A0812B90011A119 /* Base */,
			);
			name = LaunchScreen.storyboard;
			sourceTree = "<group>";
		};
/* End PBXVariantGroup section */

/* Begin XCBuildConfiguration section */
		668E686D2A0812B90011A119 /* Debug */ = {
			isa = XCBuildConfiguration;
			buildSettings = {
				ALWAYS_SEARCH_USER_PATHS = NO;
				CLANG_ANALYZER_NONNULL = YES;
				CLANG_ANALYZER_NUMBER_OBJECT_CONVERSION = YES_AGGRESSIVE;
				CLANG_CXX_LANGUAGE_STANDARD = "gnu++20";
				CLANG_ENABLE_MODULES = YES;
				CLANG_ENABLE_OBJC_ARC = YES;
				CLANG_ENABLE_OBJC_WEAK = YES;
				CLANG_WARN_BLOCK_CAPTURE_AUTORELEASING = YES;
				CLANG_WARN_BOOL_CONVERSION = YES;
				CLANG_WARN_COMMA = YES;
				CLANG_WARN_CONSTANT_CONVERSION = YES;
				CLANG_WARN_DEPRECATED_OBJC_IMPLEMENTATIONS = YES;
				CLANG_WARN_DIRECT_OBJC_ISA_USAGE = YES_ERROR;
				CLANG_WARN_DOCUMENTATION_COMMENTS = YES;
				CLANG_WARN_EMPTY_BODY = YES;
				CLANG_WARN_ENUM_CONVERSION = YES;
				CLANG_WARN_INFINITE_RECURSION = YES;
				CLANG_WARN_INT_CONVERSION = YES;
				CLANG_WARN_NON_LITERAL_NULL_CONVERSION = YES;
				CLANG_WARN_OBJC_IMPLICIT_RETAIN_SELF = YES;
				CLANG_WARN_OBJC_LITERAL_CONVERSION = YES;
				CLANG_WARN_OBJC_ROOT_CLASS = YES_ERROR;
				CLANG_WARN_QUOTED_INCLUDE_IN_FRAMEWORK_HEADER = YES;
				CLANG_WARN_RANGE_LOOP_ANALYSIS = YES;
				CLANG_WARN_STRICT_PROTOTYPES = YES;
				CLANG_WARN_SUSPICIOUS_MOVE = YES;
				CLANG_WARN_UNGUARDED_AVAILABILITY = YES_AGGRESSIVE;
				CLANG_WARN_UNREACHABLE_CODE = YES;
				CLANG_WARN__DUPLICATE_METHOD_MATCH = YES;
				COPY_PHASE_STRIP = NO;
				DEBUG_INFORMATION_FORMAT = dwarf;
				ENABLE_STRICT_OBJC_MSGSEND = YES;
				ENABLE_TESTABILITY = YES;
				GCC_C_LANGUAGE_STANDARD = gnu11;
				GCC_DYNAMIC_NO_PIC = NO;
				GCC_NO_COMMON_BLOCKS = YES;
				GCC_OPTIMIZATION_LEVEL = 0;
				GCC_PREPROCESSOR_DEFINITIONS = (
					"DEBUG=1",
					"$(inherited)",
				);
				GCC_WARN_64_TO_32_BIT_CONVERSION = YES;
				GCC_WARN_ABOUT_RETURN_TYPE = YES_ERROR;
				GCC_WARN_UNDECLARED_SELECTOR = YES;
				GCC_WARN_UNINITIALIZED_AUTOS = YES_AGGRESSIVE;
				GCC_WARN_UNUSED_FUNCTION = YES;
				GCC_WARN_UNUSED_VARIABLE = YES;
				IPHONEOS_DEPLOYMENT_TARGET = 16.4;
				MTL_ENABLE_DEBUG_INFO = INCLUDE_SOURCE;
				MTL_FAST_MATH = YES;
				ONLY_ACTIVE_ARCH = YES;
				SDKROOT = iphoneos;
				SWIFT_ACTIVE_COMPILATION_CONDITIONS = DEBUG;
				SWIFT_OPTIMIZATION_LEVEL = "-Onone";
			};
			name = Debug;
		};
		668E686E2A0812B90011A119 /* Release */ = {
			isa = XCBuildConfiguration;
			buildSettings = {
				ALWAYS_SEARCH_USER_PATHS = NO;
				CLANG_ANALYZER_NONNULL = YES;
				CLANG_ANALYZER_NUMBER_OBJECT_CONVERSION = YES_AGGRESSIVE;
				CLANG_CXX_LANGUAGE_STANDARD = "gnu++20";
				CLANG_ENABLE_MODULES = YES;
				CLANG_ENABLE_OBJC_ARC = YES;
				CLANG_ENABLE_OBJC_WEAK = YES;
				CLANG_WARN_BLOCK_CAPTURE_AUTORELEASING = YES;
				CLANG_WARN_BOOL_CONVERSION = YES;
				CLANG_WARN_COMMA = YES;
				CLANG_WARN_CONSTANT_CONVERSION = YES;
				CLANG_WARN_DEPRECATED_OBJC_IMPLEMENTATIONS = YES;
				CLANG_WARN_DIRECT_OBJC_ISA_USAGE = YES_ERROR;
				CLANG_WARN_DOCUMENTATION_COMMENTS = YES;
				CLANG_WARN_EMPTY_BODY = YES;
				CLANG_WARN_ENUM_CONVERSION = YES;
				CLANG_WARN_INFINITE_RECURSION = YES;
				CLANG_WARN_INT_CONVERSION = YES;
				CLANG_WARN_NON_LITERAL_NULL_CONVERSION = YES;
				CLANG_WARN_OBJC_IMPLICIT_RETAIN_SELF = YES;
				CLANG_WARN_OBJC_LITERAL_CONVERSION = YES;
				CLANG_WARN_OBJC_ROOT_CLASS = YES_ERROR;
				CLANG_WARN_QUOTED_INCLUDE_IN_FRAMEWORK_HEADER = YES;
				CLANG_WARN_RANGE_LOOP_ANALYSIS = YES;
				CLANG_WARN_STRICT_PROTOTYPES = YES;
				CLANG_WARN_SUSPICIOUS_MOVE = YES;
				CLANG_WARN_UNGUARDED_AVAILABILITY = YES_AGGRESSIVE;
				CLANG_WARN_UNREACHABLE_CODE = YES;
				CLANG_WARN__DUPLICATE_METHOD_MATCH = YES;
				COPY_PHASE_STRIP = NO;
				DEBUG_INFORMATION_FORMAT = "dwarf-with-dsym";
				ENABLE_NS_ASSERTIONS = NO;
				ENABLE_STRICT_OBJC_MSGSEND = YES;
				GCC_C_LANGUAGE_STANDARD = gnu11;
				GCC_NO_COMMON_BLOCKS = YES;
				GCC_WARN_64_TO_32_BIT_CONVERSION = YES;
				GCC_WARN_ABOUT_RETURN_TYPE = YES_ERROR;
				GCC_WARN_UNDECLARED_SELECTOR = YES;
				GCC_WARN_UNINITIALIZED_AUTOS = YES_AGGRESSIVE;
				GCC_WARN_UNUSED_FUNCTION = YES;
				GCC_WARN_UNUSED_VARIABLE = YES;
				IPHONEOS_DEPLOYMENT_TARGET = 16.4;
				MTL_ENABLE_DEBUG_INFO = NO;
				MTL_FAST_MATH = YES;
				SDKROOT = iphoneos;
				SWIFT_COMPILATION_MODE = wholemodule;
				SWIFT_OPTIMIZATION_LEVEL = "-O";
				VALIDATE_PRODUCT = YES;
			};
			name = Release;
		};
		668E68702A0812B90011A119 /* Debug */ = {
			isa = XCBuildConfiguration;
			buildSettings = {
				ASSETCATALOG_COMPILER_APPICON_NAME = AppIcon;
				ASSETCATALOG_COMPILER_GLOBAL_ACCENT_COLOR_NAME = AccentColor;
				CODE_SIGN_STYLE = Automatic;
				CURRENT_PROJECT_VERSION = 1;
				DEVELOPMENT_TEAM = 3U38YXL55F;
				GENERATE_INFOPLIST_FILE = YES;
				INFOPLIST_FILE = MaviaLand/App/Info.plist;
				INFOPLIST_KEY_UIApplicationSupportsIndirectInputEvents = YES;
				INFOPLIST_KEY_UILaunchStoryboardName = LaunchScreen.storyboard;
				INFOPLIST_KEY_UIMainStoryboardFile = Main;
				INFOPLIST_KEY_UISupportedInterfaceOrientations = UIInterfaceOrientationPortrait;
				INFOPLIST_KEY_UISupportedInterfaceOrientations_iPad = "UIInterfaceOrientationLandscapeLeft UIInterfaceOrientationLandscapeRight UIInterfaceOrientationPortrait UIInterfaceOrientationPortraitUpsideDown";
				IPHONEOS_DEPLOYMENT_TARGET = 15.5;
				LD_RUNPATH_SEARCH_PATHS = (
					"$(inherited)",
					"@executable_path/Frameworks",
				);
				MARKETING_VERSION = 1.0;
				PRODUCT_BUNDLE_IDENTIFIER = ED.MaviaLand;
				PRODUCT_NAME = "$(TARGET_NAME)";
				SUPPORTED_PLATFORMS = "iphoneos iphonesimulator";
				SUPPORTS_MACCATALYST = NO;
				SUPPORTS_MAC_DESIGNED_FOR_IPHONE_IPAD = NO;
				SWIFT_EMIT_LOC_STRINGS = YES;
				SWIFT_VERSION = 5.0;
				TARGETED_DEVICE_FAMILY = 1;
			};
			name = Debug;
		};
		668E68712A0812B90011A119 /* Release */ = {
			isa = XCBuildConfiguration;
			buildSettings = {
				ASSETCATALOG_COMPILER_APPICON_NAME = AppIcon;
				ASSETCATALOG_COMPILER_GLOBAL_ACCENT_COLOR_NAME = AccentColor;
				CODE_SIGN_STYLE = Automatic;
				CURRENT_PROJECT_VERSION = 1;
				DEVELOPMENT_TEAM = 3U38YXL55F;
				GENERATE_INFOPLIST_FILE = YES;
				INFOPLIST_FILE = MaviaLand/App/Info.plist;
				INFOPLIST_KEY_UIApplicationSupportsIndirectInputEvents = YES;
				INFOPLIST_KEY_UILaunchStoryboardName = LaunchScreen.storyboard;
				INFOPLIST_KEY_UIMainStoryboardFile = Main;
				INFOPLIST_KEY_UISupportedInterfaceOrientations = UIInterfaceOrientationPortrait;
				INFOPLIST_KEY_UISupportedInterfaceOrientations_iPad = "UIInterfaceOrientationLandscapeLeft UIInterfaceOrientationLandscapeRight UIInterfaceOrientationPortrait UIInterfaceOrientationPortraitUpsideDown";
				IPHONEOS_DEPLOYMENT_TARGET = 15.5;
				LD_RUNPATH_SEARCH_PATHS = (
					"$(inherited)",
					"@executable_path/Frameworks",
				);
				MARKETING_VERSION = 1.0;
				PRODUCT_BUNDLE_IDENTIFIER = ED.MaviaLand;
				PRODUCT_NAME = "$(TARGET_NAME)";
				SUPPORTED_PLATFORMS = "iphoneos iphonesimulator";
				SUPPORTS_MACCATALYST = NO;
				SUPPORTS_MAC_DESIGNED_FOR_IPHONE_IPAD = NO;
				SWIFT_EMIT_LOC_STRINGS = YES;
				SWIFT_VERSION = 5.0;
				TARGETED_DEVICE_FAMILY = 1;
			};
			name = Release;
		};
/* End XCBuildConfiguration section */

/* Begin XCConfigurationList section */
		668E68562A0812B70011A119 /* Build configuration list for PBXProject "MaviaLand" */ = {
			isa = XCConfigurationList;
			buildConfigurations = (
				668E686D2A0812B90011A119 /* Debug */,
				668E686E2A0812B90011A119 /* Release */,
			);
			defaultConfigurationIsVisible = 0;
			defaultConfigurationName = Release;
		};
		668E686F2A0812B90011A119 /* Build configuration list for PBXNativeTarget "MaviaLand" */ = {
			isa = XCConfigurationList;
			buildConfigurations = (
				668E68702A0812B90011A119 /* Debug */,
				668E68712A0812B90011A119 /* Release */,
			);
			defaultConfigurationIsVisible = 0;
			defaultConfigurationName = Release;
		};
/* End XCConfigurationList section */
	};
	rootObject = 668E68532A0812B70011A119 /* Project object */;
}
